
Microsoft Visual Studio Solution File, Format Version 12.00
# Visual Studio Version 17
VisualStudioVersion = 17.4.33122.133
MinimumVisualStudioVersion = 10.0.40219.1
Project("{FAE04EC0-301F-11D3-BF4B-00C04F79EFBC}") = "20230826_Enum", "20230826_Enum\20230826_Enum.csproj", "{71D3FA02-F45E-4654-932D-DA98F3420A39}"
EndProject
Global
	GlobalSection(SolutionConfigurationPlatforms) = preSolution
		Debug|Any CPU = Debug|Any CPU
		Release|Any CPU = Release|Any CPU
	EndGlobalSection
	GlobalSection(ProjectConfigurationPlatforms) = postSolution
		{71D3FA02-F45E-4654-932D-DA98F3420A39}.Debug|Any CPU.ActiveCfg = Debug|Any CPU
		{71D3FA02-F45E-4654-932D-DA98F3420A39}.Debug|Any CPU.Build.0 = Debug|Any CPU
		{71D3FA02-F45E-4654-932D-DA98F3420A39}.Release|Any CPU.ActiveCfg = Release|Any CPU
		{71D3FA02-F45E-4654-932D-DA98F3420A39}.Release|Any CPU.Build.0 = Release|Any CPU
	EndGlobalSection
	GlobalSection(SolutionProperties) = preSolution
		HideSolutionNode = FALSE
	EndGlobalSection
	GlobalSection(ExtensibilityGlobals) = postSolution
		SolutionGuid = {738E5A43-E443-47F0-8B75-93BF8688E5AC}
	EndGlobalSection
EndGlobal
